
Microsoft Visual Studio Solution File, Format Version 12.00
# Visual Studio 2013
VisualStudioVersion = 12.0.30110.0
MinimumVisualStudioVersion = 10.0.40219.1
Project("{FAE04EC0-301F-11D3-BF4B-00C04F79EFBC}") = "BitwiseCommerce.Api", "BitwiseCommerce.Api\BitwiseCommerce.Api.csproj", "{5BF80A89-C6A3-41C5-B386-E92E5D15B227}"
EndProject
Project("{FAE04EC0-301F-11D3-BF4B-00C04F79EFBC}") = "BitwiseCommerce.Orders.Contracts", "BitwiseCommerce.Orders.Contracts\BitwiseCommerce.Orders.Contracts.csproj", "{BF8B7D42-CA62-47C8-A95D-F0BD3037DEAF}"
EndProject
Project("{FAE04EC0-301F-11D3-BF4B-00C04F79EFBC}") = "BitwiseCommerce.Orders.InternalMessages", "BitwiseCommerce.Orders.InternalMessages\BitwiseCommerce.Orders.InternalMessages.csproj", "{FEA6A35C-9D69-409D-990F-6CE6C0B9ADE9}"
EndProject
Project("{FAE04EC0-301F-11D3-BF4B-00C04F79EFBC}") = "BitwiseCommerce.Billing.Contracts", "BitwiseCommerce.Billing.Contracts\BitwiseCommerce.Billing.Contracts.csproj", "{1920E538-EEFE-47D7-896E-E934EE3E0190}"
EndProject
Project("{FAE04EC0-301F-11D3-BF4B-00C04F79EFBC}") = "BitwiseCommerce.Billing.InternalMessages", "BitwiseCommerce.Billing.InternalMessages\BitwiseCommerce.Billing.InternalMessages.csproj", "{7EB2D79A-8A99-40D3-AFD3-77C7FF1253BD}"
EndProject
Project("{FAE04EC0-301F-11D3-BF4B-00C04F79EFBC}") = "BitwiseCommerce.Shipping.Contracts", "BitwiseCommerce.Shipping.Contracts\BitwiseCommerce.Shipping.Contracts.csproj", "{8593E2A4-73C5-47A2-B919-028A0DC7696B}"
EndProject
Project("{FAE04EC0-301F-11D3-BF4B-00C04F79EFBC}") = "BitwiseCommerce.Shipping.InternalMessages", "BitwiseCommerce.Shipping.InternalMessages\BitwiseCommerce.Shipping.InternalMessages.csproj", "{BF000AAA-D11D-48DE-B0FB-21BB159D0B59}"
EndProject
Project("{FAE04EC0-301F-11D3-BF4B-00C04F79EFBC}") = "BitwiseCommerce.Shipping.Handlers", "BitwiseCommerce.Shipping.Handlers\BitwiseCommerce.Shipping.Handlers.csproj", "{74491F8A-20FA-4425-9627-30FD8C8D7E72}"
EndProject
Project("{FAE04EC0-301F-11D3-BF4B-00C04F79EFBC}") = "BitwiseCommerce.Billing.Handlers", "BitwiseCommerce.Billing.Handlers\BitwiseCommerce.Billing.Handlers.csproj", "{7B429C52-50CD-4983-821D-6A8ED221F6B9}"
EndProject
Project("{FAE04EC0-301F-11D3-BF4B-00C04F79EFBC}") = "BitwiseCommerce.Orders.Handlers", "BitwiseCommerce.Orders.Handlers\BitwiseCommerce.Orders.Handlers.csproj", "{4F95DA9D-E5D3-4173-AFF7-67D76419161F}"
EndProject
Project("{FAE04EC0-301F-11D3-BF4B-00C04F79EFBC}") = "BitwiseCommerce.Everything.Endpoint", "BitwiseCommerce.OPS.Endpoint\BitwiseCommerce.Everything.Endpoint.csproj", "{28E99BBA-B083-4DA8-8609-6DAE811B46E9}"
EndProject
Global
	GlobalSection(SolutionConfigurationPlatforms) = preSolution
		Debug|Any CPU = Debug|Any CPU
		Release|Any CPU = Release|Any CPU
	EndGlobalSection
	GlobalSection(ProjectConfigurationPlatforms) = postSolution
		{5BF80A89-C6A3-41C5-B386-E92E5D15B227}.Debug|Any CPU.ActiveCfg = Debug|Any CPU
		{5BF80A89-C6A3-41C5-B386-E92E5D15B227}.Debug|Any CPU.Build.0 = Debug|Any CPU
		{5BF80A89-C6A3-41C5-B386-E92E5D15B227}.Release|Any CPU.ActiveCfg = Release|Any CPU
		{5BF80A89-C6A3-41C5-B386-E92E5D15B227}.Release|Any CPU.Build.0 = Release|Any CPU
		{BF8B7D42-CA62-47C8-A95D-F0BD3037DEAF}.Debug|Any CPU.ActiveCfg = Debug|Any CPU
		{BF8B7D42-CA62-47C8-A95D-F0BD3037DEAF}.Debug|Any CPU.Build.0 = Debug|Any CPU
		{BF8B7D42-CA62-47C8-A95D-F0BD3037DEAF}.Release|Any CPU.ActiveCfg = Release|Any CPU
		{BF8B7D42-CA62-47C8-A95D-F0BD3037DEAF}.Release|Any CPU.Build.0 = Release|Any CPU
		{FEA6A35C-9D69-409D-990F-6CE6C0B9ADE9}.Debug|Any CPU.ActiveCfg = Debug|Any CPU
		{FEA6A35C-9D69-409D-990F-6CE6C0B9ADE9}.Debug|Any CPU.Build.0 = Debug|Any CPU
		{FEA6A35C-9D69-409D-990F-6CE6C0B9ADE9}.Release|Any CPU.ActiveCfg = Release|Any CPU
		{FEA6A35C-9D69-409D-990F-6CE6C0B9ADE9}.Release|Any CPU.Build.0 = Release|Any CPU
		{1920E538-EEFE-47D7-896E-E934EE3E0190}.Debug|Any CPU.ActiveCfg = Debug|Any CPU
		{1920E538-EEFE-47D7-896E-E934EE3E0190}.Debug|Any CPU.Build.0 = Debug|Any CPU
		{1920E538-EEFE-47D7-896E-E934EE3E0190}.Release|Any CPU.ActiveCfg = Release|Any CPU
		{1920E538-EEFE-47D7-896E-E934EE3E0190}.Release|Any CPU.Build.0 = Release|Any CPU
		{7EB2D79A-8A99-40D3-AFD3-77C7FF1253BD}.Debug|Any CPU.ActiveCfg = Debug|Any CPU
		{7EB2D79A-8A99-40D3-AFD3-77C7FF1253BD}.Debug|Any CPU.Build.0 = Debug|Any CPU
		{7EB2D79A-8A99-40D3-AFD3-77C7FF1253BD}.Release|Any CPU.ActiveCfg = Release|Any CPU
		{7EB2D79A-8A99-40D3-AFD3-77C7FF1253BD}.Release|Any CPU.Build.0 = Release|Any CPU
		{8593E2A4-73C5-47A2-B919-028A0DC7696B}.Debug|Any CPU.ActiveCfg = Debug|Any CPU
		{8593E2A4-73C5-47A2-B919-028A0DC7696B}.Debug|Any CPU.Build.0 = Debug|Any CPU
		{8593E2A4-73C5-47A2-B919-028A0DC7696B}.Release|Any CPU.ActiveCfg = Release|Any CPU
		{8593E2A4-73C5-47A2-B919-028A0DC7696B}.Release|Any CPU.Build.0 = Release|Any CPU
		{BF000AAA-D11D-48DE-B0FB-21BB159D0B59}.Debug|Any CPU.ActiveCfg = Debug|Any CPU
		{BF000AAA-D11D-48DE-B0FB-21BB159D0B59}.Debug|Any CPU.Build.0 = Debug|Any CPU
		{BF000AAA-D11D-48DE-B0FB-21BB159D0B59}.Release|Any CPU.ActiveCfg = Release|Any CPU
		{BF000AAA-D11D-48DE-B0FB-21BB159D0B59}.Release|Any CPU.Build.0 = Release|Any CPU
		{74491F8A-20FA-4425-9627-30FD8C8D7E72}.Debug|Any CPU.ActiveCfg = Debug|Any CPU
		{74491F8A-20FA-4425-9627-30FD8C8D7E72}.Debug|Any CPU.Build.0 = Debug|Any CPU
		{74491F8A-20FA-4425-9627-30FD8C8D7E72}.Release|Any CPU.ActiveCfg = Release|Any CPU
		{74491F8A-20FA-4425-9627-30FD8C8D7E72}.Release|Any CPU.Build.0 = Release|Any CPU
		{7B429C52-50CD-4983-821D-6A8ED221F6B9}.Debug|Any CPU.ActiveCfg = Debug|Any CPU
		{7B429C52-50CD-4983-821D-6A8ED221F6B9}.Debug|Any CPU.Build.0 = Debug|Any CPU
		{7B429C52-50CD-4983-821D-6A8ED221F6B9}.Release|Any CPU.ActiveCfg = Release|Any CPU
		{7B429C52-50CD-4983-821D-6A8ED221F6B9}.Release|Any CPU.Build.0 = Release|Any CPU
		{4F95DA9D-E5D3-4173-AFF7-67D76419161F}.Debug|Any CPU.ActiveCfg = Debug|Any CPU
		{4F95DA9D-E5D3-4173-AFF7-67D76419161F}.Debug|Any CPU.Build.0 = Debug|Any CPU
		{4F95DA9D-E5D3-4173-AFF7-67D76419161F}.Release|Any CPU.ActiveCfg = Release|Any CPU
		{4F95DA9D-E5D3-4173-AFF7-67D76419161F}.Release|Any CPU.Build.0 = Release|Any CPU
		{28E99BBA-B083-4DA8-8609-6DAE811B46E9}.Debug|Any CPU.ActiveCfg = Debug|Any CPU
		{28E99BBA-B083-4DA8-8609-6DAE811B46E9}.Debug|Any CPU.Build.0 = Debug|Any CPU
		{28E99BBA-B083-4DA8-8609-6DAE811B46E9}.Release|Any CPU.ActiveCfg = Release|Any CPU
		{28E99BBA-B083-4DA8-8609-6DAE811B46E9}.Release|Any CPU.Build.0 = Release|Any CPU
	EndGlobalSection
	GlobalSection(SolutionProperties) = preSolution
		HideSolutionNode = FALSE
	EndGlobalSection
EndGlobal
